// !$*UTF8*$!
{
	archiveVersion = 1;
	classes = {
	};
	objectVersion = 46;
	objects = {

/* Begin PBXBuildFile section */
		03B1AE981AEFC26200A476FA /* Exceptions.cpp in Sources */ = {isa = PBXBuildFile; fileRef = 03B1AE961AEFC26200A476FA /* Exceptions.cpp */; };
		03BEF3A31AEEDF2300A2A4F3 /* main.cpp in Sources */ = {isa = PBXBuildFile; fileRef = 03BEF3A21AEEDF2300A2A4F3 /* main.cpp */; };
		03BEF3AB1AEEDF8B00A2A4F3 /* Particle.cpp in Sources */ = {isa = PBXBuildFile; fileRef = 03BEF3A91AEEDF8B00A2A4F3 /* Particle.cpp */; };
		03BEF3AE1AEEE0AF00A2A4F3 /* Vector3D.cpp in Sources */ = {isa = PBXBuildFile; fileRef = 03BEF3AC1AEEE0AF00A2A4F3 /* Vector3D.cpp */; };
/* End PBXBuildFile section */

/* Begin PBXCopyFilesBuildPhase section */
		03BEF39D1AEEDF2300A2A4F3 /* CopyFiles */ = {
			isa = PBXCopyFilesBuildPhase;
			buildActionMask = 2147483647;
			dstPath = /usr/share/man/man1/;
			dstSubfolderSpec = 0;
			files = (
			);
			runOnlyForDeploymentPostprocessing = 1;
		};
/* End PBXCopyFilesBuildPhase section */

/* Begin PBXFileReference section */
		03B1AE951AEFBD9400A476FA /* Constants.h */ = {isa = PBXFileReference; lastKnownFileType = sourcecode.c.h; path = Constants.h; sourceTree = "<group>"; };
		03B1AE961AEFC26200A476FA /* Exceptions.cpp */ = {isa = PBXFileReference; fileEncoding = 4; lastKnownFileType = sourcecode.cpp.cpp; path = Exceptions.cpp; sourceTree = "<group>"; };
		03B1AE971AEFC26200A476FA /* Exceptions.h */ = {isa = PBXFileReference; fileEncoding = 4; lastKnownFileType = sourcecode.c.h; path = Exceptions.h; sourceTree = "<group>"; };
		03BEF39F1AEEDF2300A2A4F3 /* trackmc */ = {isa = PBXFileReference; explicitFileType = "compiled.mach-o.executable"; includeInIndex = 0; path = trackmc; sourceTree = BUILT_PRODUCTS_DIR; };
		03BEF3A21AEEDF2300A2A4F3 /* main.cpp */ = {isa = PBXFileReference; lastKnownFileType = sourcecode.cpp.cpp; path = main.cpp; sourceTree = "<group>"; };
		03BEF3A91AEEDF8B00A2A4F3 /* Particle.cpp */ = {isa = PBXFileReference; fileEncoding = 4; lastKnownFileType = sourcecode.cpp.cpp; path = Particle.cpp; sourceTree = "<group>"; };
		03BEF3AA1AEEDF8B00A2A4F3 /* Particle.h */ = {isa = PBXFileReference; fileEncoding = 4; lastKnownFileType = sourcecode.c.h; path = Particle.h; sourceTree = "<group>"; };
		03BEF3AC1AEEE0AF00A2A4F3 /* Vector3D.cpp */ = {isa = PBXFileReference; fileEncoding = 4; lastKnownFileType = sourcecode.cpp.cpp; path = Vector3D.cpp; sourceTree = "<group>"; };
		03BEF3AD1AEEE0AF00A2A4F3 /* Vector3D.h */ = {isa = PBXFileReference; fileEncoding = 4; lastKnownFileType = sourcecode.c.h; path = Vector3D.h; sourceTree = "<group>"; };
/* End PBXFileReference section */

/* Begin PBXFrameworksBuildPhase section */
		03BEF39C1AEEDF2300A2A4F3 /* Frameworks */ = {
			isa = PBXFrameworksBuildPhase;
			buildActionMask = 2147483647;
			files = (
			);
			runOnlyForDeploymentPostprocessing = 0;
		};
/* End PBXFrameworksBuildPhase section */

/* Begin PBXGroup section */
		03BEF3961AEEDF2300A2A4F3 = {
			isa = PBXGroup;
			children = (
				03BEF3A11AEEDF2300A2A4F3 /* trackmc */,
				03BEF3A01AEEDF2300A2A4F3 /* Products */,
			);
			sourceTree = "<group>";
		};
		03BEF3A01AEEDF2300A2A4F3 /* Products */ = {
			isa = PBXGroup;
			children = (
				03BEF39F1AEEDF2300A2A4F3 /* trackmc */,
			);
			name = Products;
			sourceTree = "<group>";
		};
		03BEF3A11AEEDF2300A2A4F3 /* trackmc */ = {
			isa = PBXGroup;
			children = (
				03BEF3A21AEEDF2300A2A4F3 /* main.cpp */,
				03B1AE961AEFC26200A476FA /* Exceptions.cpp */,
				03B1AE971AEFC26200A476FA /* Exceptions.h */,
				03B1AE951AEFBD9400A476FA /* Constants.h */,
				03BEF3AA1AEEDF8B00A2A4F3 /* Particle.h */,
				03BEF3A91AEEDF8B00A2A4F3 /* Particle.cpp */,
				03BEF3AC1AEEE0AF00A2A4F3 /* Vector3D.cpp */,
				03BEF3AD1AEEE0AF00A2A4F3 /* Vector3D.h */,
			);
			path = trackmc;
			sourceTree = "<group>";
		};
/* End PBXGroup section */

/* Begin PBXNativeTarget section */
		03BEF39E1AEEDF2300A2A4F3 /* trackmc */ = {
			isa = PBXNativeTarget;
			buildConfigurationList = 03BEF3A61AEEDF2300A2A4F3 /* Build configuration list for PBXNativeTarget "trackmc" */;
			buildPhases = (
				03BEF39B1AEEDF2300A2A4F3 /* Sources */,
				03BEF39C1AEEDF2300A2A4F3 /* Frameworks */,
				03BEF39D1AEEDF2300A2A4F3 /* CopyFiles */,
			);
			buildRules = (
			);
			dependencies = (
			);
			name = trackmc;
			productName = trackmc;
			productReference = 03BEF39F1AEEDF2300A2A4F3 /* trackmc */;
			productType = "com.apple.product-type.tool";
		};
/* End PBXNativeTarget section */

/* Begin PBXProject section */
		03BEF3971AEEDF2300A2A4F3 /* Project object */ = {
			isa = PBXProject;
			attributes = {
				LastUpgradeCheck = 0630;
				ORGANIZATIONNAME = NSCL;
				TargetAttributes = {
					03BEF39E1AEEDF2300A2A4F3 = {
						CreatedOnToolsVersion = 6.3.1;
					};
				};
			};
			buildConfigurationList = 03BEF39A1AEEDF2300A2A4F3 /* Build configuration list for PBXProject "trackmc" */;
			compatibilityVersion = "Xcode 3.2";
			developmentRegion = English;
			hasScannedForEncodings = 0;
			knownRegions = (
				en,
			);
			mainGroup = 03BEF3961AEEDF2300A2A4F3;
			productRefGroup = 03BEF3A01AEEDF2300A2A4F3 /* Products */;
			projectDirPath = "";
			projectRoot = "";
			targets = (
				03BEF39E1AEEDF2300A2A4F3 /* trackmc */,
			);
		};
/* End PBXProject section */

/* Begin PBXSourcesBuildPhase section */
		03BEF39B1AEEDF2300A2A4F3 /* Sources */ = {
			isa = PBXSourcesBuildPhase;
			buildActionMask = 2147483647;
			files = (
				03BEF3A31AEEDF2300A2A4F3 /* main.cpp in Sources */,
				03B1AE981AEFC26200A476FA /* Exceptions.cpp in Sources */,
				03BEF3AB1AEEDF8B00A2A4F3 /* Particle.cpp in Sources */,
				03BEF3AE1AEEE0AF00A2A4F3 /* Vector3D.cpp in Sources */,
			);
			runOnlyForDeploymentPostprocessing = 0;
		};
/* End PBXSourcesBuildPhase section */

/* Begin XCBuildConfiguration section */
		03BEF3A41AEEDF2300A2A4F3 /* Debug */ = {
			isa = XCBuildConfiguration;
			buildSettings = {
				ALWAYS_SEARCH_USER_PATHS = NO;
				CLANG_CXX_LANGUAGE_STANDARD = "gnu++0x";
				CLANG_CXX_LIBRARY = "libc++";
				CLANG_ENABLE_MODULES = YES;
				CLANG_ENABLE_OBJC_ARC = YES;
				CLANG_WARN_BOOL_CONVERSION = YES;
				CLANG_WARN_CONSTANT_CONVERSION = YES;
				CLANG_WARN_DIRECT_OBJC_ISA_USAGE = YES_ERROR;
				CLANG_WARN_EMPTY_BODY = YES;
				CLANG_WARN_ENUM_CONVERSION = YES;
				CLANG_WARN_INT_CONVERSION = YES;
				CLANG_WARN_OBJC_ROOT_CLASS = YES_ERROR;
				CLANG_WARN_UNREACHABLE_CODE = YES;
				CLANG_WARN__DUPLICATE_METHOD_MATCH = YES;
				COPY_PHASE_STRIP = NO;
				DEBUG_INFORMATION_FORMAT = dwarf;
				ENABLE_STRICT_OBJC_MSGSEND = YES;
				GCC_C_LANGUAGE_STANDARD = gnu99;
				GCC_DYNAMIC_NO_PIC = NO;
				GCC_NO_COMMON_BLOCKS = YES;
				GCC_OPTIMIZATION_LEVEL = 0;
				GCC_PREPROCESSOR_DEFINITIONS = (
					"DEBUG=1",
					"$(inherited)",
				);
				GCC_SYMBOLS_PRIVATE_EXTERN = NO;
				GCC_WARN_64_TO_32_BIT_CONVERSION = YES;
				GCC_WARN_ABOUT_RETURN_TYPE = YES_ERROR;
				GCC_WARN_UNDECLARED_SELECTOR = YES;
				GCC_WARN_UNINITIALIZED_AUTOS = YES_AGGRESSIVE;
				GCC_WARN_UNUSED_FUNCTION = YES;
				GCC_WARN_UNUSED_VARIABLE = YES;
				MACOSX_DEPLOYMENT_TARGET = 10.10;
				MTL_ENABLE_DEBUG_INFO = YES;
				ONLY_ACTIVE_ARCH = YES;
				SDKROOT = macosx;
			};
			name = Debug;
		};
		03BEF3A51AEEDF2300A2A4F3 /* Release */ = {
			isa = XCBuildConfiguration;
			buildSettings = {
				ALWAYS_SEARCH_USER_PATHS = NO;
				CLANG_CXX_LANGUAGE_STANDARD = "gnu++0x";
				CLANG_CXX_LIBRARY = "libc++";
				CLANG_ENABLE_MODULES = YES;
				CLANG_ENABLE_OBJC_ARC = YES;
				CLANG_WARN_BOOL_CONVERSION = YES;
				CLANG_WARN_CONSTANT_CONVERSION = YES;
				CLANG_WARN_DIRECT_OBJC_ISA_USAGE = YES_ERROR;
				CLANG_WARN_EMPTY_BODY = YES;
				CLANG_WARN_ENUM_CONVERSION = YES;
				CLANG_WARN_INT_CONVERSION = YES;
				CLANG_WARN_OBJC_ROOT_CLASS = YES_ERROR;
				CLANG_WARN_UNREACHABLE_CODE = YES;
				CLANG_WARN__DUPLICATE_METHOD_MATCH = YES;
				COPY_PHASE_STRIP = NO;
				DEBUG_INFORMATION_FORMAT = "dwarf-with-dsym";
				ENABLE_NS_ASSERTIONS = NO;
				ENABLE_STRICT_OBJC_MSGSEND = YES;
				GCC_C_LANGUAGE_STANDARD = gnu99;
				GCC_NO_COMMON_BLOCKS = YES;
				GCC_WARN_64_TO_32_BIT_CONVERSION = YES;
				GCC_WARN_ABOUT_RETURN_TYPE = YES_ERROR;
				GCC_WARN_UNDECLARED_SELECTOR = YES;
				GCC_WARN_UNINITIALIZED_AUTOS = YES_AGGRESSIVE;
				GCC_WARN_UNUSED_FUNCTION = YES;
				GCC_WARN_UNUSED_VARIABLE = YES;
				MACOSX_DEPLOYMENT_TARGET = 10.10;
				MTL_ENABLE_DEBUG_INFO = NO;
				SDKROOT = macosx;
			};
			name = Release;
		};
		03BEF3A71AEEDF2300A2A4F3 /* Debug */ = {
			isa = XCBuildConfiguration;
			buildSettings = {
				PRODUCT_NAME = "$(TARGET_NAME)";
			};
			name = Debug;
		};
		03BEF3A81AEEDF2300A2A4F3 /* Release */ = {
			isa = XCBuildConfiguration;
			buildSettings = {
				PRODUCT_NAME = "$(TARGET_NAME)";
			};
			name = Release;
		};
/* End XCBuildConfiguration section */

/* Begin XCConfigurationList section */
		03BEF39A1AEEDF2300A2A4F3 /* Build configuration list for PBXProject "trackmc" */ = {
			isa = XCConfigurationList;
			buildConfigurations = (
				03BEF3A41AEEDF2300A2A4F3 /* Debug */,
				03BEF3A51AEEDF2300A2A4F3 /* Release */,
			);
			defaultConfigurationIsVisible = 0;
			defaultConfigurationName = Release;
		};
		03BEF3A61AEEDF2300A2A4F3 /* Build configuration list for PBXNativeTarget "trackmc" */ = {
			isa = XCConfigurationList;
			buildConfigurations = (
				03BEF3A71AEEDF2300A2A4F3 /* Debug */,
				03BEF3A81AEEDF2300A2A4F3 /* Release */,
			);
			defaultConfigurationIsVisible = 0;
			defaultConfigurationName = Release;
		};
/* End XCConfigurationList section */
	};
	rootObject = 03BEF3971AEEDF2300A2A4F3 /* Project object */;
}
